
Microsoft Visual Studio Solution File, Format Version 12.00
# Visual Studio Version 16
VisualStudioVersion = 16.0.29411.108
MinimumVisualStudioVersion = 10.0.40219.1
Project("{FAE04EC0-301F-11D3-BF4B-00C04F79EFBC}") = "Get the experience Pascal Lässig", "Get the experience Pascal Lässig\Get the experience Pascal Lässig.csproj", "{2D72FBF1-1050-4C34-BEC6-4B8B466FBDB0}"
EndProject
Global
	GlobalSection(SolutionConfigurationPlatforms) = preSolution
		Debug|Any CPU = Debug|Any CPU
		Release|Any CPU = Release|Any CPU
	EndGlobalSection
	GlobalSection(ProjectConfigurationPlatforms) = postSolution
		{2D72FBF1-1050-4C34-BEC6-4B8B466FBDB0}.Debug|Any CPU.ActiveCfg = Debug|Any CPU
		{2D72FBF1-1050-4C34-BEC6-4B8B466FBDB0}.Debug|Any CPU.Build.0 = Debug|Any CPU
		{2D72FBF1-1050-4C34-BEC6-4B8B466FBDB0}.Release|Any CPU.ActiveCfg = Release|Any CPU
		{2D72FBF1-1050-4C34-BEC6-4B8B466FBDB0}.Release|Any CPU.Build.0 = Release|Any CPU
	EndGlobalSection
	GlobalSection(SolutionProperties) = preSolution
		HideSolutionNode = FALSE
	EndGlobalSection
	GlobalSection(ExtensibilityGlobals) = postSolution
		SolutionGuid = {10E4C309-8938-4ECF-8AB3-22EC8E44F680}
	EndGlobalSection
EndGlobal
