
Microsoft Visual Studio Solution File, Format Version 12.00
# Visual Studio Version 16
VisualStudioVersion = 16.0.29215.179
MinimumVisualStudioVersion = 10.0.40219.1
Project("{FAE04EC0-301F-11D3-BF4B-00C04F79EFBC}") = "Coding Day 1", "Coding Day 1\Coding Day 1.csproj", "{BD2E64E2-2582-42EF-BC7B-2673B4304832}"
EndProject
Global
	GlobalSection(SolutionConfigurationPlatforms) = preSolution
		Debug|Any CPU = Debug|Any CPU
		Release|Any CPU = Release|Any CPU
	EndGlobalSection
	GlobalSection(ProjectConfigurationPlatforms) = postSolution
		{BD2E64E2-2582-42EF-BC7B-2673B4304832}.Debug|Any CPU.ActiveCfg = Debug|Any CPU
		{BD2E64E2-2582-42EF-BC7B-2673B4304832}.Debug|Any CPU.Build.0 = Debug|Any CPU
		{BD2E64E2-2582-42EF-BC7B-2673B4304832}.Release|Any CPU.ActiveCfg = Release|Any CPU
		{BD2E64E2-2582-42EF-BC7B-2673B4304832}.Release|Any CPU.Build.0 = Release|Any CPU
	EndGlobalSection
	GlobalSection(SolutionProperties) = preSolution
		HideSolutionNode = FALSE
	EndGlobalSection
	GlobalSection(ExtensibilityGlobals) = postSolution
		SolutionGuid = {482712FA-5E27-44C5-8BF2-1540ECA11565}
	EndGlobalSection
EndGlobal
