
Microsoft Visual Studio Solution File, Format Version 12.00
# Visual Studio Version 16
VisualStudioVersion = 16.0.29409.12
MinimumVisualStudioVersion = 10.0.40219.1
Project("{FAE04EC0-301F-11D3-BF4B-00C04F79EFBC}") = "Coding Day01", "Coding Day01\Coding Day01.csproj", "{FA856812-A655-44B1-9CC9-806FE1B43222}"
EndProject
Global
	GlobalSection(SolutionConfigurationPlatforms) = preSolution
		Debug|Any CPU = Debug|Any CPU
		Release|Any CPU = Release|Any CPU
	EndGlobalSection
	GlobalSection(ProjectConfigurationPlatforms) = postSolution
		{FA856812-A655-44B1-9CC9-806FE1B43222}.Debug|Any CPU.ActiveCfg = Debug|Any CPU
		{FA856812-A655-44B1-9CC9-806FE1B43222}.Debug|Any CPU.Build.0 = Debug|Any CPU
		{FA856812-A655-44B1-9CC9-806FE1B43222}.Release|Any CPU.ActiveCfg = Release|Any CPU
		{FA856812-A655-44B1-9CC9-806FE1B43222}.Release|Any CPU.Build.0 = Release|Any CPU
	EndGlobalSection
	GlobalSection(SolutionProperties) = preSolution
		HideSolutionNode = FALSE
	EndGlobalSection
	GlobalSection(ExtensibilityGlobals) = postSolution
		SolutionGuid = {16534A76-5B66-42D9-8926-5EA3D6740DC0}
	EndGlobalSection
EndGlobal
